
Microsoft Visual Studio Solution File, Format Version 12.00
# Visual Studio 2017
Project("{FAE04EC0-301F-11D3-BF4B-00C04F79EFBC}") = "Assignment_2", "Assignment_2.csproj", "{63225F08-73F8-9F43-34AA-560F4D5F2C02}"
EndProject
Global
	GlobalSection(SolutionConfigurationPlatforms) = preSolution
		Debug|Any CPU = Debug|Any CPU
		Release|Any CPU = Release|Any CPU
	EndGlobalSection
	GlobalSection(ProjectConfigurationPlatforms) = postSolution
		{63225F08-73F8-9F43-34AA-560F4D5F2C02}.Debug|Any CPU.ActiveCfg = Debug|Any CPU
		{63225F08-73F8-9F43-34AA-560F4D5F2C02}.Debug|Any CPU.Build.0 = Debug|Any CPU
		{63225F08-73F8-9F43-34AA-560F4D5F2C02}.Release|Any CPU.ActiveCfg = Release|Any CPU
		{63225F08-73F8-9F43-34AA-560F4D5F2C02}.Release|Any CPU.Build.0 = Release|Any CPU
	EndGlobalSection
	GlobalSection(SolutionProperties) = preSolution
		HideSolutionNode = FALSE
	EndGlobalSection
EndGlobal
