
Microsoft Visual Studio Solution File, Format Version 12.00
# Visual Studio 2017
Project("{FAE04EC0-301F-11D3-BF4B-00C04F79EFBC}") = "Assignment_1.Plugins", "Assignment_1.Plugins.csproj", "{4A34F048-1D34-BC1E-0539-46F851504F90}"
EndProject
Project("{FAE04EC0-301F-11D3-BF4B-00C04F79EFBC}") = "Assignment_1", "Assignment_1.csproj", "{29868691-4DFF-DE55-9E31-4D968A3A76E3}"
EndProject
Global
	GlobalSection(SolutionConfigurationPlatforms) = preSolution
		Debug|Any CPU = Debug|Any CPU
		Release|Any CPU = Release|Any CPU
	EndGlobalSection
	GlobalSection(ProjectConfigurationPlatforms) = postSolution
		{4A34F048-1D34-BC1E-0539-46F851504F90}.Debug|Any CPU.ActiveCfg = Debug|Any CPU
		{4A34F048-1D34-BC1E-0539-46F851504F90}.Debug|Any CPU.Build.0 = Debug|Any CPU
		{4A34F048-1D34-BC1E-0539-46F851504F90}.Release|Any CPU.ActiveCfg = Release|Any CPU
		{4A34F048-1D34-BC1E-0539-46F851504F90}.Release|Any CPU.Build.0 = Release|Any CPU
		{29868691-4DFF-DE55-9E31-4D968A3A76E3}.Debug|Any CPU.ActiveCfg = Debug|Any CPU
		{29868691-4DFF-DE55-9E31-4D968A3A76E3}.Debug|Any CPU.Build.0 = Debug|Any CPU
		{29868691-4DFF-DE55-9E31-4D968A3A76E3}.Release|Any CPU.ActiveCfg = Release|Any CPU
		{29868691-4DFF-DE55-9E31-4D968A3A76E3}.Release|Any CPU.Build.0 = Release|Any CPU
	EndGlobalSection
	GlobalSection(SolutionProperties) = preSolution
		HideSolutionNode = FALSE
	EndGlobalSection
EndGlobal
